
Microsoft Visual Studio Solution File, Format Version 12.00
# Visual Studio 15
VisualStudioVersion = 15.0.28307.489
MinimumVisualStudioVersion = 10.0.40219.1
Project("{FAE04EC0-301F-11D3-BF4B-00C04F79EFBC}") = "HttpHelper", "HttpHelper V1.9\HttpHelper.csproj", "{CFF03980-4269-408C-B59B-414994C40621}"
EndProject
Project("{FAE04EC0-301F-11D3-BF4B-00C04F79EFBC}") = "UnitTestProject1", "UnitTestProject1\UnitTestProject1.csproj", "{7FE7D158-8255-4FF0-A931-7819CF14E687}"
EndProject
Project("{FAE04EC0-301F-11D3-BF4B-00C04F79EFBC}") = "Proxy", "Proxy\Proxy.csproj", "{C23C3FD1-AC08-4B29-9F94-075CD9E97946}"
EndProject
Global
	GlobalSection(SolutionConfigurationPlatforms) = preSolution
		Debug|Any CPU = Debug|Any CPU
		Release|Any CPU = Release|Any CPU
	EndGlobalSection
	GlobalSection(ProjectConfigurationPlatforms) = postSolution
		{CFF03980-4269-408C-B59B-414994C40621}.Debug|Any CPU.ActiveCfg = Debug|Any CPU
		{CFF03980-4269-408C-B59B-414994C40621}.Debug|Any CPU.Build.0 = Debug|Any CPU
		{CFF03980-4269-408C-B59B-414994C40621}.Release|Any CPU.ActiveCfg = Release|Any CPU
		{CFF03980-4269-408C-B59B-414994C40621}.Release|Any CPU.Build.0 = Release|Any CPU
		{7FE7D158-8255-4FF0-A931-7819CF14E687}.Debug|Any CPU.ActiveCfg = Debug|Any CPU
		{7FE7D158-8255-4FF0-A931-7819CF14E687}.Debug|Any CPU.Build.0 = Debug|Any CPU
		{7FE7D158-8255-4FF0-A931-7819CF14E687}.Release|Any CPU.ActiveCfg = Release|Any CPU
		{7FE7D158-8255-4FF0-A931-7819CF14E687}.Release|Any CPU.Build.0 = Release|Any CPU
		{C23C3FD1-AC08-4B29-9F94-075CD9E97946}.Debug|Any CPU.ActiveCfg = Debug|Any CPU
		{C23C3FD1-AC08-4B29-9F94-075CD9E97946}.Debug|Any CPU.Build.0 = Debug|Any CPU
		{C23C3FD1-AC08-4B29-9F94-075CD9E97946}.Release|Any CPU.ActiveCfg = Release|Any CPU
		{C23C3FD1-AC08-4B29-9F94-075CD9E97946}.Release|Any CPU.Build.0 = Release|Any CPU
	EndGlobalSection
	GlobalSection(SolutionProperties) = preSolution
		HideSolutionNode = FALSE
	EndGlobalSection
	GlobalSection(ExtensibilityGlobals) = postSolution
		SolutionGuid = {F54F6B7D-4404-416C-9D4E-BEB045E04D66}
	EndGlobalSection
EndGlobal
